
Microsoft Visual Studio Solution File, Format Version 12.00
# Visual Studio Version 17
VisualStudioVersion = 17.11.35327.3
MinimumVisualStudioVersion = 10.0.40219.1
Project("{FAE04EC0-301F-11D3-BF4B-00C04F79EFBC}") = "Margineanu_Dana_Lab1", "Margineanu_Dana_Lab1\Margineanu_Dana_Lab1.csproj", "{171EF8B1-D2E6-4C1A-A8A4-CEA677E8113D}"
EndProject
Global
	GlobalSection(SolutionConfigurationPlatforms) = preSolution
		Debug|Any CPU = Debug|Any CPU
		Release|Any CPU = Release|Any CPU
	EndGlobalSection
	GlobalSection(ProjectConfigurationPlatforms) = postSolution
		{171EF8B1-D2E6-4C1A-A8A4-CEA677E8113D}.Debug|Any CPU.ActiveCfg = Debug|Any CPU
		{171EF8B1-D2E6-4C1A-A8A4-CEA677E8113D}.Debug|Any CPU.Build.0 = Debug|Any CPU
		{171EF8B1-D2E6-4C1A-A8A4-CEA677E8113D}.Release|Any CPU.ActiveCfg = Release|Any CPU
		{171EF8B1-D2E6-4C1A-A8A4-CEA677E8113D}.Release|Any CPU.Build.0 = Release|Any CPU
	EndGlobalSection
	GlobalSection(SolutionProperties) = preSolution
		HideSolutionNode = FALSE
	EndGlobalSection
	GlobalSection(ExtensibilityGlobals) = postSolution
		SolutionGuid = {7835F25F-CA9E-42E3-80F4-7B2B3D4E95D6}
	EndGlobalSection
EndGlobal
